// !$*UTF8*$!
{
	archiveVersion = 1;
	classes = {
	};
	objectVersion = 51;
	objects = {

/* Begin PBXBuildFile section */
		6DC853E64490AFF29F5F09A7 /* Pods_InstagramTests.framework in Frameworks */ = {isa = PBXBuildFile; fileRef = E36BA935DAAEE9B23B4A15E5 /* Pods_InstagramTests.framework */; };
		92F9A249705123C63A2C7B7B /* Pods_Instagram_InstagramUITests.framework in Frameworks */ = {isa = PBXBuildFile; fileRef = C212D36C61E2922931F86B76 /* Pods_Instagram_InstagramUITests.framework */; };
		A918660223CA399F007383F7 /* AppDelegate.swift in Sources */ = {isa = PBXBuildFile; fileRef = A918660123CA399F007383F7 /* AppDelegate.swift */; };
		A918660423CA399F007383F7 /* SceneDelegate.swift in Sources */ = {isa = PBXBuildFile; fileRef = A918660323CA399F007383F7 /* SceneDelegate.swift */; };
		A918660923CA399F007383F7 /* Main.storyboard in Resources */ = {isa = PBXBuildFile; fileRef = A918660723CA399F007383F7 /* Main.storyboard */; };
		A918660B23CA39A6007383F7 /* Assets.xcassets in Resources */ = {isa = PBXBuildFile; fileRef = A918660A23CA39A6007383F7 /* Assets.xcassets */; };
		A918660E23CA39A6007383F7 /* LaunchScreen.storyboard in Resources */ = {isa = PBXBuildFile; fileRef = A918660C23CA39A6007383F7 /* LaunchScreen.storyboard */; };
		A918661923CA39A6007383F7 /* InstagramTests.swift in Sources */ = {isa = PBXBuildFile; fileRef = A918661823CA39A6007383F7 /* InstagramTests.swift */; };
		A918662423CA39A6007383F7 /* InstagramUITests.swift in Sources */ = {isa = PBXBuildFile; fileRef = A918662323CA39A6007383F7 /* InstagramUITests.swift */; };
		A918663223CA4062007383F7 /* LoginViewController.swift in Sources */ = {isa = PBXBuildFile; fileRef = A918663123CA4062007383F7 /* LoginViewController.swift */; };
		A918663423CA4070007383F7 /* FeedViewController.swift in Sources */ = {isa = PBXBuildFile; fileRef = A918663323CA4070007383F7 /* FeedViewController.swift */; };
		A918663623CA4C6F007383F7 /* CameraViewController.swift in Sources */ = {isa = PBXBuildFile; fileRef = A918663523CA4C6F007383F7 /* CameraViewController.swift */; };
		E67C3DBFA5C160C2CA2C548F /* Pods_Instagram.framework in Frameworks */ = {isa = PBXBuildFile; fileRef = AFFA0E9B94EAF261D0E9AB72 /* Pods_Instagram.framework */; };
/* End PBXBuildFile section */

/* Begin PBXContainerItemProxy section */
		A918661523CA39A6007383F7 /* PBXContainerItemProxy */ = {
			isa = PBXContainerItemProxy;
			containerPortal = A91865F623CA399E007383F7 /* Project object */;
			proxyType = 1;
			remoteGlobalIDString = A91865FD23CA399E007383F7;
			remoteInfo = Instagram;
		};
		A918662023CA39A6007383F7 /* PBXContainerItemProxy */ = {
			isa = PBXContainerItemProxy;
			containerPortal = A91865F623CA399E007383F7 /* Project object */;
			proxyType = 1;
			remoteGlobalIDString = A91865FD23CA399E007383F7;
			remoteInfo = Instagram;
		};
/* End PBXContainerItemProxy section */

/* Begin PBXFileReference section */
		0254C60E72B6AA02FD8D820D /* Pods-Instagram-InstagramUITests.release.xcconfig */ = {isa = PBXFileReference; includeInIndex = 1; lastKnownFileType = text.xcconfig; name = "Pods-Instagram-InstagramUITests.release.xcconfig"; path = "Target Support Files/Pods-Instagram-InstagramUITests/Pods-Instagram-InstagramUITests.release.xcconfig"; sourceTree = "<group>"; };
		60708557559D01A489238F78 /* Pods-Instagram.debug.xcconfig */ = {isa = PBXFileReference; includeInIndex = 1; lastKnownFileType = text.xcconfig; name = "Pods-Instagram.debug.xcconfig"; path = "Target Support Files/Pods-Instagram/Pods-Instagram.debug.xcconfig"; sourceTree = "<group>"; };
		95534B099F359B585BC888A5 /* Pods-InstagramTests.debug.xcconfig */ = {isa = PBXFileReference; includeInIndex = 1; lastKnownFileType = text.xcconfig; name = "Pods-InstagramTests.debug.xcconfig"; path = "Target Support Files/Pods-InstagramTests/Pods-InstagramTests.debug.xcconfig"; sourceTree = "<group>"; };
		A91865FE23CA399F007383F7 /* Instagram.app */ = {isa = PBXFileReference; explicitFileType = wrapper.application; includeInIndex = 0; path = Instagram.app; sourceTree = BUILT_PRODUCTS_DIR; };
		A918660123CA399F007383F7 /* AppDelegate.swift */ = {isa = PBXFileReference; lastKnownFileType = sourcecode.swift; path = AppDelegate.swift; sourceTree = "<group>"; };
		A918660323CA399F007383F7 /* SceneDelegate.swift */ = {isa = PBXFileReference; lastKnownFileType = sourcecode.swift; path = SceneDelegate.swift; sourceTree = "<group>"; };
		A918660823CA399F007383F7 /* Base */ = {isa = PBXFileReference; lastKnownFileType = file.storyboard; name = Base; path = Base.lproj/Main.storyboard; sourceTree = "<group>"; };
		A918660A23CA39A6007383F7 /* Assets.xcassets */ = {isa = PBXFileReference; lastKnownFileType = folder.assetcatalog; path = Assets.xcassets; sourceTree = "<group>"; };
		A918660D23CA39A6007383F7 /* Base */ = {isa = PBXFileReference; lastKnownFileType = file.storyboard; name = Base; path = Base.lproj/LaunchScreen.storyboard; sourceTree = "<group>"; };
		A918660F23CA39A6007383F7 /* Info.plist */ = {isa = PBXFileReference; lastKnownFileType = text.plist.xml; path = Info.plist; sourceTree = "<group>"; };
		A918661423CA39A6007383F7 /* InstagramTests.xctest */ = {isa = PBXFileReference; explicitFileType = wrapper.cfbundle; includeInIndex = 0; path = InstagramTests.xctest; sourceTree = BUILT_PRODUCTS_DIR; };
		A918661823CA39A6007383F7 /* InstagramTests.swift */ = {isa = PBXFileReference; lastKnownFileType = sourcecode.swift; path = InstagramTests.swift; sourceTree = "<group>"; };
		A918661A23CA39A6007383F7 /* Info.plist */ = {isa = PBXFileReference; lastKnownFileType = text.plist.xml; path = Info.plist; sourceTree = "<group>"; };
		A918661F23CA39A6007383F7 /* InstagramUITests.xctest */ = {isa = PBXFileReference; explicitFileType = wrapper.cfbundle; includeInIndex = 0; path = InstagramUITests.xctest; sourceTree = BUILT_PRODUCTS_DIR; };
		A918662323CA39A6007383F7 /* InstagramUITests.swift */ = {isa = PBXFileReference; lastKnownFileType = sourcecode.swift; path = InstagramUITests.swift; sourceTree = "<group>"; };
		A918662523CA39A6007383F7 /* Info.plist */ = {isa = PBXFileReference; lastKnownFileType = text.plist.xml; path = Info.plist; sourceTree = "<group>"; };
		A918663123CA4062007383F7 /* LoginViewController.swift */ = {isa = PBXFileReference; lastKnownFileType = sourcecode.swift; path = LoginViewController.swift; sourceTree = "<group>"; };
		A918663323CA4070007383F7 /* FeedViewController.swift */ = {isa = PBXFileReference; lastKnownFileType = sourcecode.swift; path = FeedViewController.swift; sourceTree = "<group>"; };
		A918663523CA4C6F007383F7 /* CameraViewController.swift */ = {isa = PBXFileReference; lastKnownFileType = sourcecode.swift; path = CameraViewController.swift; sourceTree = "<group>"; };
		AFFA0E9B94EAF261D0E9AB72 /* Pods_Instagram.framework */ = {isa = PBXFileReference; explicitFileType = wrapper.framework; includeInIndex = 0; path = Pods_Instagram.framework; sourceTree = BUILT_PRODUCTS_DIR; };
		B6B01CD599A546A5B0474CCE /* Pods-InstagramTests.release.xcconfig */ = {isa = PBXFileReference; includeInIndex = 1; lastKnownFileType = text.xcconfig; name = "Pods-InstagramTests.release.xcconfig"; path = "Target Support Files/Pods-InstagramTests/Pods-InstagramTests.release.xcconfig"; sourceTree = "<group>"; };
		C212D36C61E2922931F86B76 /* Pods_Instagram_InstagramUITests.framework */ = {isa = PBXFileReference; explicitFileType = wrapper.framework; includeInIndex = 0; path = Pods_Instagram_InstagramUITests.framework; sourceTree = BUILT_PRODUCTS_DIR; };
		C9C0237DDA86C03EC033E3E2 /* Pods-Instagram.release.xcconfig */ = {isa = PBXFileReference; includeInIndex = 1; lastKnownFileType = text.xcconfig; name = "Pods-Instagram.release.xcconfig"; path = "Target Support Files/Pods-Instagram/Pods-Instagram.release.xcconfig"; sourceTree = "<group>"; };
		E36BA935DAAEE9B23B4A15E5 /* Pods_InstagramTests.framework */ = {isa = PBXFileReference; explicitFileType = wrapper.framework; includeInIndex = 0; path = Pods_InstagramTests.framework; sourceTree = BUILT_PRODUCTS_DIR; };
		E427CAE4BBD1BD6AD12EA063 /* Pods-Instagram-InstagramUITests.debug.xcconfig */ = {isa = PBXFileReference; includeInIndex = 1; lastKnownFileType = text.xcconfig; name = "Pods-Instagram-InstagramUITests.debug.xcconfig"; path = "Target Support Files/Pods-Instagram-InstagramUITests/Pods-Instagram-InstagramUITests.debug.xcconfig"; sourceTree = "<group>"; };
/* End PBXFileReference section */

/* Begin PBXFrameworksBuildPhase section */
		A91865FB23CA399E007383F7 /* Frameworks */ = {
			isa = PBXFrameworksBuildPhase;
			buildActionMask = 2147483647;
			files = (
				E67C3DBFA5C160C2CA2C548F /* Pods_Instagram.framework in Frameworks */,
			);
			runOnlyForDeploymentPostprocessing = 0;
		};
		A918661123CA39A6007383F7 /* Frameworks */ = {
			isa = PBXFrameworksBuildPhase;
			buildActionMask = 2147483647;
			files = (
				6DC853E64490AFF29F5F09A7 /* Pods_InstagramTests.framework in Frameworks */,
			);
			runOnlyForDeploymentPostprocessing = 0;
		};
		A918661C23CA39A6007383F7 /* Frameworks */ = {
			isa = PBXFrameworksBuildPhase;
			buildActionMask = 2147483647;
			files = (
				92F9A249705123C63A2C7B7B /* Pods_Instagram_InstagramUITests.framework in Frameworks */,
			);
			runOnlyForDeploymentPostprocessing = 0;
		};
/* End PBXFrameworksBuildPhase section */

/* Begin PBXGroup section */
		7CA079723B9AD63A7E35CD6E /* Pods */ = {
			isa = PBXGroup;
			children = (
				60708557559D01A489238F78 /* Pods-Instagram.debug.xcconfig */,
				C9C0237DDA86C03EC033E3E2 /* Pods-Instagram.release.xcconfig */,
				E427CAE4BBD1BD6AD12EA063 /* Pods-Instagram-InstagramUITests.debug.xcconfig */,
				0254C60E72B6AA02FD8D820D /* Pods-Instagram-InstagramUITests.release.xcconfig */,
				95534B099F359B585BC888A5 /* Pods-InstagramTests.debug.xcconfig */,
				B6B01CD599A546A5B0474CCE /* Pods-InstagramTests.release.xcconfig */,
			);
			path = Pods;
			sourceTree = "<group>";
		};
		A91865F523CA399E007383F7 = {
			isa = PBXGroup;
			children = (
				A918660023CA399F007383F7 /* Instagram */,
				A918661723CA39A6007383F7 /* InstagramTests */,
				A918662223CA39A6007383F7 /* InstagramUITests */,
				A91865FF23CA399F007383F7 /* Products */,
				7CA079723B9AD63A7E35CD6E /* Pods */,
				FE196E4134CF0FF28D192227 /* Frameworks */,
			);
			sourceTree = "<group>";
		};
		A91865FF23CA399F007383F7 /* Products */ = {
			isa = PBXGroup;
			children = (
				A91865FE23CA399F007383F7 /* Instagram.app */,
				A918661423CA39A6007383F7 /* InstagramTests.xctest */,
				A918661F23CA39A6007383F7 /* InstagramUITests.xctest */,
			);
			name = Products;
			sourceTree = "<group>";
		};
		A918660023CA399F007383F7 /* Instagram */ = {
			isa = PBXGroup;
			children = (
				A918660123CA399F007383F7 /* AppDelegate.swift */,
				A918660323CA399F007383F7 /* SceneDelegate.swift */,
				A918660723CA399F007383F7 /* Main.storyboard */,
				A918663523CA4C6F007383F7 /* CameraViewController.swift */,
				A918660A23CA39A6007383F7 /* Assets.xcassets */,
				A918663123CA4062007383F7 /* LoginViewController.swift */,
				A918663323CA4070007383F7 /* FeedViewController.swift */,
				A918660C23CA39A6007383F7 /* LaunchScreen.storyboard */,
				A918660F23CA39A6007383F7 /* Info.plist */,
			);
			path = Instagram;
			sourceTree = "<group>";
		};
		A918661723CA39A6007383F7 /* InstagramTests */ = {
			isa = PBXGroup;
			children = (
				A918661823CA39A6007383F7 /* InstagramTests.swift */,
				A918661A23CA39A6007383F7 /* Info.plist */,
			);
			path = InstagramTests;
			sourceTree = "<group>";
		};
		A918662223CA39A6007383F7 /* InstagramUITests */ = {
			isa = PBXGroup;
			children = (
				A918662323CA39A6007383F7 /* InstagramUITests.swift */,
				A918662523CA39A6007383F7 /* Info.plist */,
			);
			path = InstagramUITests;
			sourceTree = "<group>";
		};
		FE196E4134CF0FF28D192227 /* Frameworks */ = {
			isa = PBXGroup;
			children = (
				AFFA0E9B94EAF261D0E9AB72 /* Pods_Instagram.framework */,
				C212D36C61E2922931F86B76 /* Pods_Instagram_InstagramUITests.framework */,
				E36BA935DAAEE9B23B4A15E5 /* Pods_InstagramTests.framework */,
			);
			name = Frameworks;
			sourceTree = "<group>";
		};
/* End PBXGroup section */

/* Begin PBXNativeTarget section */
		A91865FD23CA399E007383F7 /* Instagram */ = {
			isa = PBXNativeTarget;
			buildConfigurationList = A918662823CA39A6007383F7 /* Build configuration list for PBXNativeTarget "Instagram" */;
			buildPhases = (
				18B4A71CB96840C827FB478F /* [CP] Check Pods Manifest.lock */,
				A91865FA23CA399E007383F7 /* Sources */,
				A91865FB23CA399E007383F7 /* Frameworks */,
				A91865FC23CA399E007383F7 /* Resources */,
				F2273AC11FA33AC3CC3544B1 /* [CP] Embed Pods Frameworks */,
			);
			buildRules = (
			);
			dependencies = (
			);
			name = Instagram;
			productName = Instagram;
			productReference = A91865FE23CA399F007383F7 /* Instagram.app */;
			productType = "com.apple.product-type.application";
		};
		A918661323CA39A6007383F7 /* InstagramTests */ = {
			isa = PBXNativeTarget;
			buildConfigurationList = A918662B23CA39A6007383F7 /* Build configuration list for PBXNativeTarget "InstagramTests" */;
			buildPhases = (
				768FFF52C50A5D8D4ACA398A /* [CP] Check Pods Manifest.lock */,
				A918661023CA39A6007383F7 /* Sources */,
				A918661123CA39A6007383F7 /* Frameworks */,
				A918661223CA39A6007383F7 /* Resources */,
			);
			buildRules = (
			);
			dependencies = (
				A918661623CA39A6007383F7 /* PBXTargetDependency */,
			);
			name = InstagramTests;
			productName = InstagramTests;
			productReference = A918661423CA39A6007383F7 /* InstagramTests.xctest */;
			productType = "com.apple.product-type.bundle.unit-test";
		};
		A918661E23CA39A6007383F7 /* InstagramUITests */ = {
			isa = PBXNativeTarget;
			buildConfigurationList = A918662E23CA39A6007383F7 /* Build configuration list for PBXNativeTarget "InstagramUITests" */;
			buildPhases = (
				859702704EB106E191405088 /* [CP] Check Pods Manifest.lock */,
				A918661B23CA39A6007383F7 /* Sources */,
				A918661C23CA39A6007383F7 /* Frameworks */,
				A918661D23CA39A6007383F7 /* Resources */,
				1E3E53A815F0B15224BEB278 /* [CP] Embed Pods Frameworks */,
			);
			buildRules = (
			);
			dependencies = (
				A918662123CA39A6007383F7 /* PBXTargetDependency */,
			);
			name = InstagramUITests;
			productName = InstagramUITests;
			productReference = A918661F23CA39A6007383F7 /* InstagramUITests.xctest */;
			productType = "com.apple.product-type.bundle.ui-testing";
		};
/* End PBXNativeTarget section */

/* Begin PBXProject section */
		A91865F623CA399E007383F7 /* Project object */ = {
			isa = PBXProject;
			attributes = {
				LastSwiftUpdateCheck = 1130;
				LastUpgradeCheck = 1130;
				ORGANIZATIONNAME = "Marco Cruz";
				TargetAttributes = {
					A91865FD23CA399E007383F7 = {
						CreatedOnToolsVersion = 11.3;
					};
					A918661323CA39A6007383F7 = {
						CreatedOnToolsVersion = 11.3;
						TestTargetID = A91865FD23CA399E007383F7;
					};
					A918661E23CA39A6007383F7 = {
						CreatedOnToolsVersion = 11.3;
						TestTargetID = A91865FD23CA399E007383F7;
					};
				};
			};
			buildConfigurationList = A91865F923CA399E007383F7 /* Build configuration list for PBXProject "Instagram" */;
			compatibilityVersion = "Xcode 9.3";
			developmentRegion = en;
			hasScannedForEncodings = 0;
			knownRegions = (
				en,
				Base,
			);
			mainGroup = A91865F523CA399E007383F7;
			productRefGroup = A91865FF23CA399F007383F7 /* Products */;
			projectDirPath = "";
			projectRoot = "";
			targets = (
				A91865FD23CA399E007383F7 /* Instagram */,
				A918661323CA39A6007383F7 /* InstagramTests */,
				A918661E23CA39A6007383F7 /* InstagramUITests */,
			);
		};
/* End PBXProject section */

/* Begin PBXResourcesBuildPhase section */
		A91865FC23CA399E007383F7 /* Resources */ = {
			isa = PBXResourcesBuildPhase;
			buildActionMask = 2147483647;
			files = (
				A918660E23CA39A6007383F7 /* LaunchScreen.storyboard in Resources */,
				A918660B23CA39A6007383F7 /* Assets.xcassets in Resources */,
				A918660923CA399F007383F7 /* Main.storyboard in Resources */,
			);
			runOnlyForDeploymentPostprocessing = 0;
		};
		A918661223CA39A6007383F7 /* Resources */ = {
			isa = PBXResourcesBuildPhase;
			buildActionMask = 2147483647;
			files = (
			);
			runOnlyForDeploymentPostprocessing = 0;
		};
		A918661D23CA39A6007383F7 /* Resources */ = {
			isa = PBXResourcesBuildPhase;
			buildActionMask = 2147483647;
			files = (
			);
			runOnlyForDeploymentPostprocessing = 0;
		};
/* End PBXResourcesBuildPhase section */

/* Begin PBXShellScriptBuildPhase section */
		18B4A71CB96840C827FB478F /* [CP] Check Pods Manifest.lock */ = {
			isa = PBXShellScriptBuildPhase;
			buildActionMask = 2147483647;
			files = (
			);
			inputFileListPaths = (
			);
			inputPaths = (
				"${PODS_PODFILE_DIR_PATH}/Podfile.lock",
				"${PODS_ROOT}/Manifest.lock",
			);
			name = "[CP] Check Pods Manifest.lock";
			outputFileListPaths = (
			);
			outputPaths = (
				"$(DERIVED_FILE_DIR)/Pods-Instagram-checkManifestLockResult.txt",
			);
			runOnlyForDeploymentPostprocessing = 0;
			shellPath = /bin/sh;
			shellScript = "diff \"${PODS_PODFILE_DIR_PATH}/Podfile.lock\" \"${PODS_ROOT}/Manifest.lock\" > /dev/null\nif [ $? != 0 ] ; then\n    # print error to STDERR\n    echo \"error: The sandbox is not in sync with the Podfile.lock. Run 'pod install' or update your CocoaPods installation.\" >&2\n    exit 1\nfi\n# This output is used by Xcode 'outputs' to avoid re-running this script phase.\necho \"SUCCESS\" > \"${SCRIPT_OUTPUT_FILE_0}\"\n";
			showEnvVarsInLog = 0;
		};
		1E3E53A815F0B15224BEB278 /* [CP] Embed Pods Frameworks */ = {
			isa = PBXShellScriptBuildPhase;
			buildActionMask = 2147483647;
			files = (
			);
			inputFileListPaths = (
				"${PODS_ROOT}/Target Support Files/Pods-Instagram-InstagramUITests/Pods-Instagram-InstagramUITests-frameworks-${CONFIGURATION}-input-files.xcfilelist",
			);
			name = "[CP] Embed Pods Frameworks";
			outputFileListPaths = (
				"${PODS_ROOT}/Target Support Files/Pods-Instagram-InstagramUITests/Pods-Instagram-InstagramUITests-frameworks-${CONFIGURATION}-output-files.xcfilelist",
			);
			runOnlyForDeploymentPostprocessing = 0;
			shellPath = /bin/sh;
			shellScript = "\"${PODS_ROOT}/Target Support Files/Pods-Instagram-InstagramUITests/Pods-Instagram-InstagramUITests-frameworks.sh\"\n";
			showEnvVarsInLog = 0;
		};
		768FFF52C50A5D8D4ACA398A /* [CP] Check Pods Manifest.lock */ = {
			isa = PBXShellScriptBuildPhase;
			buildActionMask = 2147483647;
			files = (
			);
			inputFileListPaths = (
			);
			inputPaths = (
				"${PODS_PODFILE_DIR_PATH}/Podfile.lock",
				"${PODS_ROOT}/Manifest.lock",
			);
			name = "[CP] Check Pods Manifest.lock";
			outputFileListPaths = (
			);
			outputPaths = (
				"$(DERIVED_FILE_DIR)/Pods-InstagramTests-checkManifestLockResult.txt",
			);
			runOnlyForDeploymentPostprocessing = 0;
			shellPath = /bin/sh;
			shellScript = "diff \"${PODS_PODFILE_DIR_PATH}/Podfile.lock\" \"${PODS_ROOT}/Manifest.lock\" > /dev/null\nif [ $? != 0 ] ; then\n    # print error to STDERR\n    echo \"error: The sandbox is not in sync with the Podfile.lock. Run 'pod install' or update your CocoaPods installation.\" >&2\n    exit 1\nfi\n# This output is used by Xcode 'outputs' to avoid re-running this script phase.\necho \"SUCCESS\" > \"${SCRIPT_OUTPUT_FILE_0}\"\n";
			showEnvVarsInLog = 0;
		};
		859702704EB106E191405088 /* [CP] Check Pods Manifest.lock */ = {
			isa = PBXShellScriptBuildPhase;
			buildActionMask = 2147483647;
			files = (
			);
			inputFileListPaths = (
			);
			inputPaths = (
				"${PODS_PODFILE_DIR_PATH}/Podfile.lock",
				"${PODS_ROOT}/Manifest.lock",
			);
			name = "[CP] Check Pods Manifest.lock";
			outputFileListPaths = (
			);
			outputPaths = (
				"$(DERIVED_FILE_DIR)/Pods-Instagram-InstagramUITests-checkManifestLockResult.txt",
			);
			runOnlyForDeploymentPostprocessing = 0;
			shellPath = /bin/sh;
			shellScript = "diff \"${PODS_PODFILE_DIR_PATH}/Podfile.lock\" \"${PODS_ROOT}/Manifest.lock\" > /dev/null\nif [ $? != 0 ] ; then\n    # print error to STDERR\n    echo \"error: The sandbox is not in sync with the Podfile.lock. Run 'pod install' or update your CocoaPods installation.\" >&2\n    exit 1\nfi\n# This output is used by Xcode 'outputs' to avoid re-running this script phase.\necho \"SUCCESS\" > \"${SCRIPT_OUTPUT_FILE_0}\"\n";
			showEnvVarsInLog = 0;
		};
		F2273AC11FA33AC3CC3544B1 /* [CP] Embed Pods Frameworks */ = {
			isa = PBXShellScriptBuildPhase;
			buildActionMask = 2147483647;
			files = (
			);
			inputFileListPaths = (
				"${PODS_ROOT}/Target Support Files/Pods-Instagram/Pods-Instagram-frameworks-${CONFIGURATION}-input-files.xcfilelist",
			);
			name = "[CP] Embed Pods Frameworks";
			outputFileListPaths = (
				"${PODS_ROOT}/Target Support Files/Pods-Instagram/Pods-Instagram-frameworks-${CONFIGURATION}-output-files.xcfilelist",
			);
			runOnlyForDeploymentPostprocessing = 0;
			shellPath = /bin/sh;
			shellScript = "\"${PODS_ROOT}/Target Support Files/Pods-Instagram/Pods-Instagram-frameworks.sh\"\n";
			showEnvVarsInLog = 0;
		};
/* End PBXShellScriptBuildPhase section */

/* Begin PBXSourcesBuildPhase section */
		A91865FA23CA399E007383F7 /* Sources */ = {
			isa = PBXSourcesBuildPhase;
			buildActionMask = 2147483647;
			files = (
				A918663223CA4062007383F7 /* LoginViewController.swift in Sources */,
				A918663623CA4C6F007383F7 /* CameraViewController.swift in Sources */,
				A918660223CA399F007383F7 /* AppDelegate.swift in Sources */,
				A918663423CA4070007383F7 /* FeedViewController.swift in Sources */,
				A918660423CA399F007383F7 /* SceneDelegate.swift in Sources */,
			);
			runOnlyForDeploymentPostprocessing = 0;
		};
		A918661023CA39A6007383F7 /* Sources */ = {
			isa = PBXSourcesBuildPhase;
			buildActionMask = 2147483647;
			files = (
				A918661923CA39A6007383F7 /* InstagramTests.swift in Sources */,
			);
			runOnlyForDeploymentPostprocessing = 0;
		};
		A918661B23CA39A6007383F7 /* Sources */ = {
			isa = PBXSourcesBuildPhase;
			buildActionMask = 2147483647;
			files = (
				A918662423CA39A6007383F7 /* InstagramUITests.swift in Sources */,
			);
			runOnlyForDeploymentPostprocessing = 0;
		};
/* End PBXSourcesBuildPhase section */

/* Begin PBXTargetDependency section */
		A918661623CA39A6007383F7 /* PBXTargetDependency */ = {
			isa = PBXTargetDependency;
			target = A91865FD23CA399E007383F7 /* Instagram */;
			targetProxy = A918661523CA39A6007383F7 /* PBXContainerItemProxy */;
		};
		A918662123CA39A6007383F7 /* PBXTargetDependency */ = {
			isa = PBXTargetDependency;
			target = A91865FD23CA399E007383F7 /* Instagram */;
			targetProxy = A918662023CA39A6007383F7 /* PBXContainerItemProxy */;
		};
/* End PBXTargetDependency section */

/* Begin PBXVariantGroup section */
		A918660723CA399F007383F7 /* Main.storyboard */ = {
			isa = PBXVariantGroup;
			children = (
				A918660823CA399F007383F7 /* Base */,
			);
			name = Main.storyboard;
			sourceTree = "<group>";
		};
		A918660C23CA39A6007383F7 /* LaunchScreen.storyboard */ = {
			isa = PBXVariantGroup;
			children = (
				A918660D23CA39A6007383F7 /* Base */,
			);
			name = LaunchScreen.storyboard;
			sourceTree = "<group>";
		};
/* End PBXVariantGroup section */

/* Begin XCBuildConfiguration section */
		A918662623CA39A6007383F7 /* Debug */ = {
			isa = XCBuildConfiguration;
			buildSettings = {
				ALWAYS_SEARCH_USER_PATHS = NO;
				CLANG_ANALYZER_NONNULL = YES;
				CLANG_ANALYZER_NUMBER_OBJECT_CONVERSION = YES_AGGRESSIVE;
				CLANG_CXX_LANGUAGE_STANDARD = "gnu++14";
				CLANG_CXX_LIBRARY = "libc++";
				CLANG_ENABLE_MODULES = YES;
				CLANG_ENABLE_OBJC_ARC = YES;
				CLANG_ENABLE_OBJC_WEAK = YES;
				CLANG_WARN_BLOCK_CAPTURE_AUTORELEASING = YES;
				CLANG_WARN_BOOL_CONVERSION = YES;
				CLANG_WARN_COMMA = YES;
				CLANG_WARN_CONSTANT_CONVERSION = YES;
				CLANG_WARN_DEPRECATED_OBJC_IMPLEMENTATIONS = YES;
				CLANG_WARN_DIRECT_OBJC_ISA_USAGE = YES_ERROR;
				CLANG_WARN_DOCUMENTATION_COMMENTS = YES;
				CLANG_WARN_EMPTY_BODY = YES;
				CLANG_WARN_ENUM_CONVERSION = YES;
				CLANG_WARN_INFINITE_RECURSION = YES;
				CLANG_WARN_INT_CONVERSION = YES;
				CLANG_WARN_NON_LITERAL_NULL_CONVERSION = YES;
				CLANG_WARN_OBJC_IMPLICIT_RETAIN_SELF = YES;
				CLANG_WARN_OBJC_LITERAL_CONVERSION = YES;
				CLANG_WARN_OBJC_ROOT_CLASS = YES_ERROR;
				CLANG_WARN_RANGE_LOOP_ANALYSIS = YES;
				CLANG_WARN_STRICT_PROTOTYPES = YES;
				CLANG_WARN_SUSPICIOUS_MOVE = YES;
				CLANG_WARN_UNGUARDED_AVAILABILITY = YES_AGGRESSIVE;
				CLANG_WARN_UNREACHABLE_CODE = YES;
				CLANG_WARN__DUPLICATE_METHOD_MATCH = YES;
				COPY_PHASE_STRIP = NO;
				DEBUG_INFORMATION_FORMAT = dwarf;
				ENABLE_STRICT_OBJC_MSGSEND = YES;
				ENABLE_TESTABILITY = YES;
				GCC_C_LANGUAGE_STANDARD = gnu11;
				GCC_DYNAMIC_NO_PIC = NO;
				GCC_NO_COMMON_BLOCKS = YES;
				GCC_OPTIMIZATION_LEVEL = 0;
				GCC_PREPROCESSOR_DEFINITIONS = (
					"DEBUG=1",
					"$(inherited)",
				);
				GCC_WARN_64_TO_32_BIT_CONVERSION = YES;
				GCC_WARN_ABOUT_RETURN_TYPE = YES_ERROR;
				GCC_WARN_UNDECLARED_SELECTOR = YES;
				GCC_WARN_UNINITIALIZED_AUTOS = YES_AGGRESSIVE;
				GCC_WARN_UNUSED_FUNCTION = YES;
				GCC_WARN_UNUSED_VARIABLE = YES;
				IPHONEOS_DEPLOYMENT_TARGET = 13.2;
				MTL_ENABLE_DEBUG_INFO = INCLUDE_SOURCE;
				MTL_FAST_MATH = YES;
				ONLY_ACTIVE_ARCH = YES;
				SDKROOT = iphoneos;
				SWIFT_ACTIVE_COMPILATION_CONDITIONS = DEBUG;
				SWIFT_OPTIMIZATION_LEVEL = "-Onone";
			};
			name = Debug;
		};
		A918662723CA39A6007383F7 /* Release */ = {
			isa = XCBuildConfiguration;
			buildSettings = {
				ALWAYS_SEARCH_USER_PATHS = NO;
				CLANG_ANALYZER_NONNULL = YES;
				CLANG_ANALYZER_NUMBER_OBJECT_CONVERSION = YES_AGGRESSIVE;
				CLANG_CXX_LANGUAGE_STANDARD = "gnu++14";
				CLANG_CXX_LIBRARY = "libc++";
				CLANG_ENABLE_MODULES = YES;
				CLANG_ENABLE_OBJC_ARC = YES;
				CLANG_ENABLE_OBJC_WEAK = YES;
				CLANG_WARN_BLOCK_CAPTURE_AUTORELEASING = YES;
				CLANG_WARN_BOOL_CONVERSION = YES;
				CLANG_WARN_COMMA = YES;
				CLANG_WARN_CONSTANT_CONVERSION = YES;
				CLANG_WARN_DEPRECATED_OBJC_IMPLEMENTATIONS = YES;
				CLANG_WARN_DIRECT_OBJC_ISA_USAGE = YES_ERROR;
				CLANG_WARN_DOCUMENTATION_COMMENTS = YES;
				CLANG_WARN_EMPTY_BODY = YES;
				CLANG_WARN_ENUM_CONVERSION = YES;
				CLANG_WARN_INFINITE_RECURSION = YES;
				CLANG_WARN_INT_CONVERSION = YES;
				CLANG_WARN_NON_LITERAL_NULL_CONVERSION = YES;
				CLANG_WARN_OBJC_IMPLICIT_RETAIN_SELF = YES;
				CLANG_WARN_OBJC_LITERAL_CONVERSION = YES;
				CLANG_WARN_OBJC_ROOT_CLASS = YES_ERROR;
				CLANG_WARN_RANGE_LOOP_ANALYSIS = YES;
				CLANG_WARN_STRICT_PROTOTYPES = YES;
				CLANG_WARN_SUSPICIOUS_MOVE = YES;
				CLANG_WARN_UNGUARDED_AVAILABILITY = YES_AGGRESSIVE;
				CLANG_WARN_UNREACHABLE_CODE = YES;
				CLANG_WARN__DUPLICATE_METHOD_MATCH = YES;
				COPY_PHASE_STRIP = NO;
				DEBUG_INFORMATION_FORMAT = "dwarf-with-dsym";
				ENABLE_NS_ASSERTIONS = NO;
				ENABLE_STRICT_OBJC_MSGSEND = YES;
				GCC_C_LANGUAGE_STANDARD = gnu11;
				GCC_NO_COMMON_BLOCKS = YES;
				GCC_WARN_64_TO_32_BIT_CONVERSION = YES;
				GCC_WARN_ABOUT_RETURN_TYPE = YES_ERROR;
				GCC_WARN_UNDECLARED_SELECTOR = YES;
				GCC_WARN_UNINITIALIZED_AUTOS = YES_AGGRESSIVE;
				GCC_WARN_UNUSED_FUNCTION = YES;
				GCC_WARN_UNUSED_VARIABLE = YES;
				IPHONEOS_DEPLOYMENT_TARGET = 13.2;
				MTL_ENABLE_DEBUG_INFO = NO;
				MTL_FAST_MATH = YES;
				SDKROOT = iphoneos;
				SWIFT_COMPILATION_MODE = wholemodule;
				SWIFT_OPTIMIZATION_LEVEL = "-O";
				VALIDATE_PRODUCT = YES;
			};
			name = Release;
		};
		A918662923CA39A6007383F7 /* Debug */ = {
			isa = XCBuildConfiguration;
			baseConfigurationReference = 60708557559D01A489238F78 /* Pods-Instagram.debug.xcconfig */;
			buildSettings = {
				ASSETCATALOG_COMPILER_APPICON_NAME = AppIcon;
				CODE_SIGN_STYLE = Automatic;
				DEVELOPMENT_TEAM = KKDSSFR49T;
				INFOPLIST_FILE = Instagram/Info.plist;
				LD_RUNPATH_SEARCH_PATHS = (
					"$(inherited)",
					"@executable_path/Frameworks",
				);
				PRODUCT_BUNDLE_IDENTIFIER = cpp.Instagram;
				PRODUCT_NAME = "$(TARGET_NAME)";
				SWIFT_VERSION = 5.0;
				TARGETED_DEVICE_FAMILY = "1,2";
			};
			name = Debug;
		};
		A918662A23CA39A6007383F7 /* Release */ = {
			isa = XCBuildConfiguration;
			baseConfigurationReference = C9C0237DDA86C03EC033E3E2 /* Pods-Instagram.release.xcconfig */;
			buildSettings = {
				ASSETCATALOG_COMPILER_APPICON_NAME = AppIcon;
				CODE_SIGN_STYLE = Automatic;
				DEVELOPMENT_TEAM = KKDSSFR49T;
				INFOPLIST_FILE = Instagram/Info.plist;
				LD_RUNPATH_SEARCH_PATHS = (
					"$(inherited)",
					"@executable_path/Frameworks",
				);
				PRODUCT_BUNDLE_IDENTIFIER = cpp.Instagram;
				PRODUCT_NAME = "$(TARGET_NAME)";
				SWIFT_VERSION = 5.0;
				TARGETED_DEVICE_FAMILY = "1,2";
			};
			name = Release;
		};
		A918662C23CA39A6007383F7 /* Debug */ = {
			isa = XCBuildConfiguration;
			baseConfigurationReference = 95534B099F359B585BC888A5 /* Pods-InstagramTests.debug.xcconfig */;
			buildSettings = {
				ALWAYS_EMBED_SWIFT_STANDARD_LIBRARIES = YES;
				BUNDLE_LOADER = "$(TEST_HOST)";
				CODE_SIGN_STYLE = Automatic;
				DEVELOPMENT_TEAM = KKDSSFR49T;
				INFOPLIST_FILE = InstagramTests/Info.plist;
				IPHONEOS_DEPLOYMENT_TARGET = 13.2;
				LD_RUNPATH_SEARCH_PATHS = (
					"$(inherited)",
					"@executable_path/Frameworks",
					"@loader_path/Frameworks",
				);
				PRODUCT_BUNDLE_IDENTIFIER = cpp.InstagramTests;
				PRODUCT_NAME = "$(TARGET_NAME)";
				SWIFT_VERSION = 5.0;
				TARGETED_DEVICE_FAMILY = "1,2";
				TEST_HOST = "$(BUILT_PRODUCTS_DIR)/Instagram.app/Instagram";
			};
			name = Debug;
		};
		A918662D23CA39A6007383F7 /* Release */ = {
			isa = XCBuildConfiguration;
			baseConfigurationReference = B6B01CD599A546A5B0474CCE /* Pods-InstagramTests.release.xcconfig */;
			buildSettings = {
				ALWAYS_EMBED_SWIFT_STANDARD_LIBRARIES = YES;
				BUNDLE_LOADER = "$(TEST_HOST)";
				CODE_SIGN_STYLE = Automatic;
				DEVELOPMENT_TEAM = KKDSSFR49T;
				INFOPLIST_FILE = InstagramTests/Info.plist;
				IPHONEOS_DEPLOYMENT_TARGET = 13.2;
				LD_RUNPATH_SEARCH_PATHS = (
					"$(inherited)",
					"@executable_path/Frameworks",
					"@loader_path/Frameworks",
				);
				PRODUCT_BUNDLE_IDENTIFIER = cpp.InstagramTests;
				PRODUCT_NAME = "$(TARGET_NAME)";
				SWIFT_VERSION = 5.0;
				TARGETED_DEVICE_FAMILY = "1,2";
				TEST_HOST = "$(BUILT_PRODUCTS_DIR)/Instagram.app/Instagram";
			};
			name = Release;
		};
		A918662F23CA39A6007383F7 /* Debug */ = {
			isa = XCBuildConfiguration;
			baseConfigurationReference = E427CAE4BBD1BD6AD12EA063 /* Pods-Instagram-InstagramUITests.debug.xcconfig */;
			buildSettings = {
				ALWAYS_EMBED_SWIFT_STANDARD_LIBRARIES = YES;
				CODE_SIGN_STYLE = Automatic;
				DEVELOPMENT_TEAM = KKDSSFR49T;
				INFOPLIST_FILE = InstagramUITests/Info.plist;
				LD_RUNPATH_SEARCH_PATHS = (
					"$(inherited)",
					"@executable_path/Frameworks",
					"@loader_path/Frameworks",
				);
				PRODUCT_BUNDLE_IDENTIFIER = cpp.InstagramUITests;
				PRODUCT_NAME = "$(TARGET_NAME)";
				SWIFT_VERSION = 5.0;
				TARGETED_DEVICE_FAMILY = "1,2";
				TEST_TARGET_NAME = Instagram;
			};
			name = Debug;
		};
		A918663023CA39A6007383F7 /* Release */ = {
			isa = XCBuildConfiguration;
			baseConfigurationReference = 0254C60E72B6AA02FD8D820D /* Pods-Instagram-InstagramUITests.release.xcconfig */;
			buildSettings = {
				ALWAYS_EMBED_SWIFT_STANDARD_LIBRARIES = YES;
				CODE_SIGN_STYLE = Automatic;
				DEVELOPMENT_TEAM = KKDSSFR49T;
				INFOPLIST_FILE = InstagramUITests/Info.plist;
				LD_RUNPATH_SEARCH_PATHS = (
					"$(inherited)",
					"@executable_path/Frameworks",
					"@loader_path/Frameworks",
				);
				PRODUCT_BUNDLE_IDENTIFIER = cpp.InstagramUITests;
				PRODUCT_NAME = "$(TARGET_NAME)";
				SWIFT_VERSION = 5.0;
				TARGETED_DEVICE_FAMILY = "1,2";
				TEST_TARGET_NAME = Instagram;
			};
			name = Release;
		};
/* End XCBuildConfiguration section */

/* Begin XCConfigurationList section */
		A91865F923CA399E007383F7 /* Build configuration list for PBXProject "Instagram" */ = {
			isa = XCConfigurationList;
			buildConfigurations = (
				A918662623CA39A6007383F7 /* Debug */,
				A918662723CA39A6007383F7 /* Release */,
			);
			defaultConfigurationIsVisible = 0;
			defaultConfigurationName = Release;
		};
		A918662823CA39A6007383F7 /* Build configuration list for PBXNativeTarget "Instagram" */ = {
			isa = XCConfigurationList;
			buildConfigurations = (
				A918662923CA39A6007383F7 /* Debug */,
				A918662A23CA39A6007383F7 /* Release */,
			);
			defaultConfigurationIsVisible = 0;
			defaultConfigurationName = Release;
		};
		A918662B23CA39A6007383F7 /* Build configuration list for PBXNativeTarget "InstagramTests" */ = {
			isa = XCConfigurationList;
			buildConfigurations = (
				A918662C23CA39A6007383F7 /* Debug */,
				A918662D23CA39A6007383F7 /* Release */,
			);
			defaultConfigurationIsVisible = 0;
			defaultConfigurationName = Release;
		};
		A918662E23CA39A6007383F7 /* Build configuration list for PBXNativeTarget "InstagramUITests" */ = {
			isa = XCConfigurationList;
			buildConfigurations = (
				A918662F23CA39A6007383F7 /* Debug */,
				A918663023CA39A6007383F7 /* Release */,
			);
			defaultConfigurationIsVisible = 0;
			defaultConfigurationName = Release;
		};
/* End XCConfigurationList section */
	};
	rootObject = A91865F623CA399E007383F7 /* Project object */;
}
